// !$*UTF8*$!
{
	archiveVersion = 1;
	classes = {
	};
	objectVersion = 55;
	objects = {

/* Begin PBXBuildFile section */
		72C5792F295718D5009B24E1 /* WineKartApp.swift in Sources */ = {isa = PBXBuildFile; fileRef = 72C5792E295718D5009B24E1 /* WineKartApp.swift */; };
		72C57931295718D5009B24E1 /* ProductsView.swift in Sources */ = {isa = PBXBuildFile; fileRef = 72C57930295718D5009B24E1 /* ProductsView.swift */; };
		72C57933295718D7009B24E1 /* Assets.xcassets in Resources */ = {isa = PBXBuildFile; fileRef = 72C57932295718D7009B24E1 /* Assets.xcassets */; };
		72C57936295718D7009B24E1 /* Preview Assets.xcassets in Resources */ = {isa = PBXBuildFile; fileRef = 72C57935295718D7009B24E1 /* Preview Assets.xcassets */; };
		72C57940295718D7009B24E1 /* WineKartTests.swift in Sources */ = {isa = PBXBuildFile; fileRef = 72C5793F295718D7009B24E1 /* WineKartTests.swift */; };
		72C5794A295718D7009B24E1 /* WineKartUITests.swift in Sources */ = {isa = PBXBuildFile; fileRef = 72C57949295718D7009B24E1 /* WineKartUITests.swift */; };
		72C5794C295718D7009B24E1 /* WineKartUITestsLaunchTests.swift in Sources */ = {isa = PBXBuildFile; fileRef = 72C5794B295718D7009B24E1 /* WineKartUITestsLaunchTests.swift */; };
/* End PBXBuildFile section */

/* Begin PBXContainerItemProxy section */
		72C5793C295718D7009B24E1 /* PBXContainerItemProxy */ = {
			isa = PBXContainerItemProxy;
			containerPortal = 72C57923295718D5009B24E1 /* Project object */;
			proxyType = 1;
			remoteGlobalIDString = 72C5792A295718D5009B24E1;
			remoteInfo = WineKart;
		};
		72C57946295718D7009B24E1 /* PBXContainerItemProxy */ = {
			isa = PBXContainerItemProxy;
			containerPortal = 72C57923295718D5009B24E1 /* Project object */;
			proxyType = 1;
			remoteGlobalIDString = 72C5792A295718D5009B24E1;
			remoteInfo = WineKart;
		};
/* End PBXContainerItemProxy section */

/* Begin PBXFileReference section */
		72C5792B295718D5009B24E1 /* WineKart.app */ = {isa = PBXFileReference; explicitFileType = wrapper.application; includeInIndex = 0; path = WineKart.app; sourceTree = BUILT_PRODUCTS_DIR; };
		72C5792E295718D5009B24E1 /* WineKartApp.swift */ = {isa = PBXFileReference; lastKnownFileType = sourcecode.swift; path = WineKartApp.swift; sourceTree = "<group>"; };
		72C57930295718D5009B24E1 /* ProductsView.swift */ = {isa = PBXFileReference; lastKnownFileType = sourcecode.swift; path = ProductsView.swift; sourceTree = "<group>"; };
		72C57932295718D7009B24E1 /* Assets.xcassets */ = {isa = PBXFileReference; lastKnownFileType = folder.assetcatalog; path = Assets.xcassets; sourceTree = "<group>"; };
		72C57935295718D7009B24E1 /* Preview Assets.xcassets */ = {isa = PBXFileReference; lastKnownFileType = folder.assetcatalog; path = "Preview Assets.xcassets"; sourceTree = "<group>"; };
		72C5793B295718D7009B24E1 /* WineKartTests.xctest */ = {isa = PBXFileReference; explicitFileType = wrapper.cfbundle; includeInIndex = 0; path = WineKartTests.xctest; sourceTree = BUILT_PRODUCTS_DIR; };
		72C5793F295718D7009B24E1 /* WineKartTests.swift */ = {isa = PBXFileReference; lastKnownFileType = sourcecode.swift; path = WineKartTests.swift; sourceTree = "<group>"; };
		72C57945295718D7009B24E1 /* WineKartUITests.xctest */ = {isa = PBXFileReference; explicitFileType = wrapper.cfbundle; includeInIndex = 0; path = WineKartUITests.xctest; sourceTree = BUILT_PRODUCTS_DIR; };
		72C57949295718D7009B24E1 /* WineKartUITests.swift */ = {isa = PBXFileReference; lastKnownFileType = sourcecode.swift; path = WineKartUITests.swift; sourceTree = "<group>"; };
		72C5794B295718D7009B24E1 /* WineKartUITestsLaunchTests.swift */ = {isa = PBXFileReference; lastKnownFileType = sourcecode.swift; path = WineKartUITestsLaunchTests.swift; sourceTree = "<group>"; };
/* End PBXFileReference section */

/* Begin PBXFrameworksBuildPhase section */
		72C57928295718D5009B24E1 /* Frameworks */ = {
			isa = PBXFrameworksBuildPhase;
			buildActionMask = 2147483647;
			files = (
			);
			runOnlyForDeploymentPostprocessing = 0;
		};
		72C57938295718D7009B24E1 /* Frameworks */ = {
			isa = PBXFrameworksBuildPhase;
			buildActionMask = 2147483647;
			files = (
			);
			runOnlyForDeploymentPostprocessing = 0;
		};
		72C57942295718D7009B24E1 /* Frameworks */ = {
			isa = PBXFrameworksBuildPhase;
			buildActionMask = 2147483647;
			files = (
			);
			runOnlyForDeploymentPostprocessing = 0;
		};
/* End PBXFrameworksBuildPhase section */

/* Begin PBXGroup section */
		72C57922295718D5009B24E1 = {
			isa = PBXGroup;
			children = (
				72C5792D295718D5009B24E1 /* WineKart */,
				72C5793E295718D7009B24E1 /* WineKartTests */,
				72C57948295718D7009B24E1 /* WineKartUITests */,
				72C5792C295718D5009B24E1 /* Products */,
			);
			sourceTree = "<group>";
		};
		72C5792C295718D5009B24E1 /* Products */ = {
			isa = PBXGroup;
			children = (
				72C5792B295718D5009B24E1 /* WineKart.app */,
				72C5793B295718D7009B24E1 /* WineKartTests.xctest */,
				72C57945295718D7009B24E1 /* WineKartUITests.xctest */,
			);
			name = Products;
			sourceTree = "<group>";
		};
		72C5792D295718D5009B24E1 /* WineKart */ = {
			isa = PBXGroup;
			children = (
				72C579622957215A009B24E1 /* App */,
				72C5796129572147009B24E1 /* Resources */,
				72C5795829571FE6009B24E1 /* Services */,
				72C5795929572020009B24E1 /* Utilities */,
				72C5796029572122009B24E1 /* ViewComponents */,
				72C5795A2957202E009B24E1 /* Scenes */,
			);
			path = WineKart;
			sourceTree = "<group>";
		};
		72C57934295718D7009B24E1 /* Preview Content */ = {
			isa = PBXGroup;
			children = (
				72C57935295718D7009B24E1 /* Preview Assets.xcassets */,
			);
			path = "Preview Content";
			sourceTree = "<group>";
		};
		72C5793E295718D7009B24E1 /* WineKartTests */ = {
			isa = PBXGroup;
			children = (
				72C5793F295718D7009B24E1 /* WineKartTests.swift */,
			);
			path = WineKartTests;
			sourceTree = "<group>";
		};
		72C57948295718D7009B24E1 /* WineKartUITests */ = {
			isa = PBXGroup;
			children = (
				72C57949295718D7009B24E1 /* WineKartUITests.swift */,
				72C5794B295718D7009B24E1 /* WineKartUITestsLaunchTests.swift */,
			);
			path = WineKartUITests;
			sourceTree = "<group>";
		};
		72C5795829571FE6009B24E1 /* Services */ = {
			isa = PBXGroup;
			children = (
			);
			path = Services;
			sourceTree = "<group>";
		};
		72C5795929572020009B24E1 /* Utilities */ = {
			isa = PBXGroup;
			children = (
			);
			path = Utilities;
			sourceTree = "<group>";
		};
		72C5795A2957202E009B24E1 /* Scenes */ = {
			isa = PBXGroup;
			children = (
				72C5795B29572040009B24E1 /* DashboardScene */,
			);
			path = Scenes;
			sourceTree = "<group>";
		};
		72C5795B29572040009B24E1 /* DashboardScene */ = {
			isa = PBXGroup;
			children = (
				72C5795C2957205B009B24E1 /* Model */,
				72C5795D2957206D009B24E1 /* View */,
				72C5795E29572075009B24E1 /* ViewModel */,
				72C5795F2957209A009B24E1 /* Protocols */,
			);
			path = DashboardScene;
			sourceTree = "<group>";
		};
		72C5795C2957205B009B24E1 /* Model */ = {
			isa = PBXGroup;
			children = (
			);
			path = Model;
			sourceTree = "<group>";
		};
		72C5795D2957206D009B24E1 /* View */ = {
			isa = PBXGroup;
			children = (
				72C57930295718D5009B24E1 /* ProductsView.swift */,
			);
			path = View;
			sourceTree = "<group>";
		};
		72C5795E29572075009B24E1 /* ViewModel */ = {
			isa = PBXGroup;
			children = (
			);
			path = ViewModel;
			sourceTree = "<group>";
		};
		72C5795F2957209A009B24E1 /* Protocols */ = {
			isa = PBXGroup;
			children = (
			);
			path = Protocols;
			sourceTree = "<group>";
		};
		72C5796029572122009B24E1 /* ViewComponents */ = {
			isa = PBXGroup;
			children = (
			);
			path = ViewComponents;
			sourceTree = "<group>";
		};
		72C5796129572147009B24E1 /* Resources */ = {
			isa = PBXGroup;
			children = (
				72C57932295718D7009B24E1 /* Assets.xcassets */,
			);
			path = Resources;
			sourceTree = "<group>";
		};
		72C579622957215A009B24E1 /* App */ = {
			isa = PBXGroup;
			children = (
				72C5792E295718D5009B24E1 /* WineKartApp.swift */,
				72C57934295718D7009B24E1 /* Preview Content */,
			);
			path = App;
			sourceTree = "<group>";
		};
/* End PBXGroup section */

/* Begin PBXNativeTarget section */
		72C5792A295718D5009B24E1 /* WineKart */ = {
			isa = PBXNativeTarget;
			buildConfigurationList = 72C5794F295718D7009B24E1 /* Build configuration list for PBXNativeTarget "WineKart" */;
			buildPhases = (
				72C57927295718D5009B24E1 /* Sources */,
				72C57928295718D5009B24E1 /* Frameworks */,
				72C57929295718D5009B24E1 /* Resources */,
			);
			buildRules = (
			);
			dependencies = (
			);
			name = WineKart;
			productName = WineKart;
			productReference = 72C5792B295718D5009B24E1 /* WineKart.app */;
			productType = "com.apple.product-type.application";
		};
		72C5793A295718D7009B24E1 /* WineKartTests */ = {
			isa = PBXNativeTarget;
			buildConfigurationList = 72C57952295718D7009B24E1 /* Build configuration list for PBXNativeTarget "WineKartTests" */;
			buildPhases = (
				72C57937295718D7009B24E1 /* Sources */,
				72C57938295718D7009B24E1 /* Frameworks */,
				72C57939295718D7009B24E1 /* Resources */,
			);
			buildRules = (
			);
			dependencies = (
				72C5793D295718D7009B24E1 /* PBXTargetDependency */,
			);
			name = WineKartTests;
			productName = WineKartTests;
			productReference = 72C5793B295718D7009B24E1 /* WineKartTests.xctest */;
			productType = "com.apple.product-type.bundle.unit-test";
		};
		72C57944295718D7009B24E1 /* WineKartUITests */ = {
			isa = PBXNativeTarget;
			buildConfigurationList = 72C57955295718D7009B24E1 /* Build configuration list for PBXNativeTarget "WineKartUITests" */;
			buildPhases = (
				72C57941295718D7009B24E1 /* Sources */,
				72C57942295718D7009B24E1 /* Frameworks */,
				72C57943295718D7009B24E1 /* Resources */,
			);
			buildRules = (
			);
			dependencies = (
				72C57947295718D7009B24E1 /* PBXTargetDependency */,
			);
			name = WineKartUITests;
			productName = WineKartUITests;
			productReference = 72C57945295718D7009B24E1 /* WineKartUITests.xctest */;
			productType = "com.apple.product-type.bundle.ui-testing";
		};
/* End PBXNativeTarget section */

/* Begin PBXProject section */
		72C57923295718D5009B24E1 /* Project object */ = {
			isa = PBXProject;
			attributes = {
				BuildIndependentTargetsInParallel = 1;
				LastSwiftUpdateCheck = 1340;
				LastUpgradeCheck = 1340;
				TargetAttributes = {
					72C5792A295718D5009B24E1 = {
						CreatedOnToolsVersion = 13.4;
					};
					72C5793A295718D7009B24E1 = {
						CreatedOnToolsVersion = 13.4;
						TestTargetID = 72C5792A295718D5009B24E1;
					};
					72C57944295718D7009B24E1 = {
						CreatedOnToolsVersion = 13.4;
						TestTargetID = 72C5792A295718D5009B24E1;
					};
				};
			};
			buildConfigurationList = 72C57926295718D5009B24E1 /* Build configuration list for PBXProject "WineKart" */;
			compatibilityVersion = "Xcode 13.0";
			developmentRegion = en;
			hasScannedForEncodings = 0;
			knownRegions = (
				en,
				Base,
			);
			mainGroup = 72C57922295718D5009B24E1;
			productRefGroup = 72C5792C295718D5009B24E1 /* Products */;
			projectDirPath = "";
			projectRoot = "";
			targets = (
				72C5792A295718D5009B24E1 /* WineKart */,
				72C5793A295718D7009B24E1 /* WineKartTests */,
				72C57944295718D7009B24E1 /* WineKartUITests */,
			);
		};
/* End PBXProject section */

/* Begin PBXResourcesBuildPhase section */
		72C57929295718D5009B24E1 /* Resources */ = {
			isa = PBXResourcesBuildPhase;
			buildActionMask = 2147483647;
			files = (
				72C57936295718D7009B24E1 /* Preview Assets.xcassets in Resources */,
				72C57933295718D7009B24E1 /* Assets.xcassets in Resources */,
			);
			runOnlyForDeploymentPostprocessing = 0;
		};
		72C57939295718D7009B24E1 /* Resources */ = {
			isa = PBXResourcesBuildPhase;
			buildActionMask = 2147483647;
			files = (
			);
			runOnlyForDeploymentPostprocessing = 0;
		};
		72C57943295718D7009B24E1 /* Resources */ = {
			isa = PBXResourcesBuildPhase;
			buildActionMask = 2147483647;
			files = (
			);
			runOnlyForDeploymentPostprocessing = 0;
		};
/* End PBXResourcesBuildPhase section */

/* Begin PBXSourcesBuildPhase section */
		72C57927295718D5009B24E1 /* Sources */ = {
			isa = PBXSourcesBuildPhase;
			buildActionMask = 2147483647;
			files = (
				72C57931295718D5009B24E1 /* ProductsView.swift in Sources */,
				72C5792F295718D5009B24E1 /* WineKartApp.swift in Sources */,
			);
			runOnlyForDeploymentPostprocessing = 0;
		};
		72C57937295718D7009B24E1 /* Sources */ = {
			isa = PBXSourcesBuildPhase;
			buildActionMask = 2147483647;
			files = (
				72C57940295718D7009B24E1 /* WineKartTests.swift in Sources */,
			);
			runOnlyForDeploymentPostprocessing = 0;
		};
		72C57941295718D7009B24E1 /* Sources */ = {
			isa = PBXSourcesBuildPhase;
			buildActionMask = 2147483647;
			files = (
				72C5794C295718D7009B24E1 /* WineKartUITestsLaunchTests.swift in Sources */,
				72C5794A295718D7009B24E1 /* WineKartUITests.swift in Sources */,
			);
			runOnlyForDeploymentPostprocessing = 0;
		};
/* End PBXSourcesBuildPhase section */

/* Begin PBXTargetDependency section */
		72C5793D295718D7009B24E1 /* PBXTargetDependency */ = {
			isa = PBXTargetDependency;
			target = 72C5792A295718D5009B24E1 /* WineKart */;
			targetProxy = 72C5793C295718D7009B24E1 /* PBXContainerItemProxy */;
		};
		72C57947295718D7009B24E1 /* PBXTargetDependency */ = {
			isa = PBXTargetDependency;
			target = 72C5792A295718D5009B24E1 /* WineKart */;
			targetProxy = 72C57946295718D7009B24E1 /* PBXContainerItemProxy */;
		};
/* End PBXTargetDependency section */

/* Begin XCBuildConfiguration section */
		72C5794D295718D7009B24E1 /* Debug */ = {
			isa = XCBuildConfiguration;
			buildSettings = {
				ALWAYS_SEARCH_USER_PATHS = NO;
				CLANG_ANALYZER_NONNULL = YES;
				CLANG_ANALYZER_NUMBER_OBJECT_CONVERSION = YES_AGGRESSIVE;
				CLANG_CXX_LANGUAGE_STANDARD = "gnu++17";
				CLANG_ENABLE_MODULES = YES;
				CLANG_ENABLE_OBJC_ARC = YES;
				CLANG_ENABLE_OBJC_WEAK = YES;
				CLANG_WARN_BLOCK_CAPTURE_AUTORELEASING = YES;
				CLANG_WARN_BOOL_CONVERSION = YES;
				CLANG_WARN_COMMA = YES;
				CLANG_WARN_CONSTANT_CONVERSION = YES;
				CLANG_WARN_DEPRECATED_OBJC_IMPLEMENTATIONS = YES;
				CLANG_WARN_DIRECT_OBJC_ISA_USAGE = YES_ERROR;
				CLANG_WARN_DOCUMENTATION_COMMENTS = YES;
				CLANG_WARN_EMPTY_BODY = YES;
				CLANG_WARN_ENUM_CONVERSION = YES;
				CLANG_WARN_INFINITE_RECURSION = YES;
				CLANG_WARN_INT_CONVERSION = YES;
				CLANG_WARN_NON_LITERAL_NULL_CONVERSION = YES;
				CLANG_WARN_OBJC_IMPLICIT_RETAIN_SELF = YES;
				CLANG_WARN_OBJC_LITERAL_CONVERSION = YES;
				CLANG_WARN_OBJC_ROOT_CLASS = YES_ERROR;
				CLANG_WARN_QUOTED_INCLUDE_IN_FRAMEWORK_HEADER = YES;
				CLANG_WARN_RANGE_LOOP_ANALYSIS = YES;
				CLANG_WARN_STRICT_PROTOTYPES = YES;
				CLANG_WARN_SUSPICIOUS_MOVE = YES;
				CLANG_WARN_UNGUARDED_AVAILABILITY = YES_AGGRESSIVE;
				CLANG_WARN_UNREACHABLE_CODE = YES;
				CLANG_WARN__DUPLICATE_METHOD_MATCH = YES;
				COPY_PHASE_STRIP = NO;
				DEBUG_INFORMATION_FORMAT = dwarf;
				ENABLE_STRICT_OBJC_MSGSEND = YES;
				ENABLE_TESTABILITY = YES;
				GCC_C_LANGUAGE_STANDARD = gnu11;
				GCC_DYNAMIC_NO_PIC = NO;
				GCC_NO_COMMON_BLOCKS = YES;
				GCC_OPTIMIZATION_LEVEL = 0;
				GCC_PREPROCESSOR_DEFINITIONS = (
					"DEBUG=1",
					"$(inherited)",
				);
				GCC_WARN_64_TO_32_BIT_CONVERSION = YES;
				GCC_WARN_ABOUT_RETURN_TYPE = YES_ERROR;
				GCC_WARN_UNDECLARED_SELECTOR = YES;
				GCC_WARN_UNINITIALIZED_AUTOS = YES_AGGRESSIVE;
				GCC_WARN_UNUSED_FUNCTION = YES;
				GCC_WARN_UNUSED_VARIABLE = YES;
				IPHONEOS_DEPLOYMENT_TARGET = 15.5;
				MTL_ENABLE_DEBUG_INFO = INCLUDE_SOURCE;
				MTL_FAST_MATH = YES;
				ONLY_ACTIVE_ARCH = YES;
				SDKROOT = iphoneos;
				SWIFT_ACTIVE_COMPILATION_CONDITIONS = DEBUG;
				SWIFT_OPTIMIZATION_LEVEL = "-Onone";
			};
			name = Debug;
		};
		72C5794E295718D7009B24E1 /* Release */ = {
			isa = XCBuildConfiguration;
			buildSettings = {
				ALWAYS_SEARCH_USER_PATHS = NO;
				CLANG_ANALYZER_NONNULL = YES;
				CLANG_ANALYZER_NUMBER_OBJECT_CONVERSION = YES_AGGRESSIVE;
				CLANG_CXX_LANGUAGE_STANDARD = "gnu++17";
				CLANG_ENABLE_MODULES = YES;
				CLANG_ENABLE_OBJC_ARC = YES;
				CLANG_ENABLE_OBJC_WEAK = YES;
				CLANG_WARN_BLOCK_CAPTURE_AUTORELEASING = YES;
				CLANG_WARN_BOOL_CONVERSION = YES;
				CLANG_WARN_COMMA = YES;
				CLANG_WARN_CONSTANT_CONVERSION = YES;
				CLANG_WARN_DEPRECATED_OBJC_IMPLEMENTATIONS = YES;
				CLANG_WARN_DIRECT_OBJC_ISA_USAGE = YES_ERROR;
				CLANG_WARN_DOCUMENTATION_COMMENTS = YES;
				CLANG_WARN_EMPTY_BODY = YES;
				CLANG_WARN_ENUM_CONVERSION = YES;
				CLANG_WARN_INFINITE_RECURSION = YES;
				CLANG_WARN_INT_CONVERSION = YES;
				CLANG_WARN_NON_LITERAL_NULL_CONVERSION = YES;
				CLANG_WARN_OBJC_IMPLICIT_RETAIN_SELF = YES;
				CLANG_WARN_OBJC_LITERAL_CONVERSION = YES;
				CLANG_WARN_OBJC_ROOT_CLASS = YES_ERROR;
				CLANG_WARN_QUOTED_INCLUDE_IN_FRAMEWORK_HEADER = YES;
				CLANG_WARN_RANGE_LOOP_ANALYSIS = YES;
				CLANG_WARN_STRICT_PROTOTYPES = YES;
				CLANG_WARN_SUSPICIOUS_MOVE = YES;
				CLANG_WARN_UNGUARDED_AVAILABILITY = YES_AGGRESSIVE;
				CLANG_WARN_UNREACHABLE_CODE = YES;
				CLANG_WARN__DUPLICATE_METHOD_MATCH = YES;
				COPY_PHASE_STRIP = NO;
				DEBUG_INFORMATION_FORMAT = "dwarf-with-dsym";
				ENABLE_NS_ASSERTIONS = NO;
				ENABLE_STRICT_OBJC_MSGSEND = YES;
				GCC_C_LANGUAGE_STANDARD = gnu11;
				GCC_NO_COMMON_BLOCKS = YES;
				GCC_WARN_64_TO_32_BIT_CONVERSION = YES;
				GCC_WARN_ABOUT_RETURN_TYPE = YES_ERROR;
				GCC_WARN_UNDECLARED_SELECTOR = YES;
				GCC_WARN_UNINITIALIZED_AUTOS = YES_AGGRESSIVE;
				GCC_WARN_UNUSED_FUNCTION = YES;
				GCC_WARN_UNUSED_VARIABLE = YES;
				IPHONEOS_DEPLOYMENT_TARGET = 15.5;
				MTL_ENABLE_DEBUG_INFO = NO;
				MTL_FAST_MATH = YES;
				SDKROOT = iphoneos;
				SWIFT_COMPILATION_MODE = wholemodule;
				SWIFT_OPTIMIZATION_LEVEL = "-O";
				VALIDATE_PRODUCT = YES;
			};
			name = Release;
		};
		72C57950295718D7009B24E1 /* Debug */ = {
			isa = XCBuildConfiguration;
			buildSettings = {
				ASSETCATALOG_COMPILER_APPICON_NAME = AppIcon;
				ASSETCATALOG_COMPILER_GLOBAL_ACCENT_COLOR_NAME = AccentColor;
				CODE_SIGN_STYLE = Automatic;
				CURRENT_PROJECT_VERSION = 1;
				DEVELOPMENT_ASSET_PATHS = "\"WineKart/Preview Content\"";
				ENABLE_PREVIEWS = YES;
				GENERATE_INFOPLIST_FILE = YES;
				INFOPLIST_KEY_UIApplicationSceneManifest_Generation = YES;
				INFOPLIST_KEY_UIApplicationSupportsIndirectInputEvents = YES;
				INFOPLIST_KEY_UILaunchScreen_Generation = YES;
				INFOPLIST_KEY_UISupportedInterfaceOrientations_iPad = "UIInterfaceOrientationPortrait UIInterfaceOrientationPortraitUpsideDown UIInterfaceOrientationLandscapeLeft UIInterfaceOrientationLandscapeRight";
				INFOPLIST_KEY_UISupportedInterfaceOrientations_iPhone = "UIInterfaceOrientationPortrait UIInterfaceOrientationLandscapeLeft UIInterfaceOrientationLandscapeRight";
				LD_RUNPATH_SEARCH_PATHS = (
					"$(inherited)",
					"@executable_path/Frameworks",
				);
				MARKETING_VERSION = 1.0;
				PRODUCT_BUNDLE_IDENTIFIER = Dexter.Nihilent.WineKart;
				PRODUCT_NAME = "$(TARGET_NAME)";
				SWIFT_EMIT_LOC_STRINGS = YES;
				SWIFT_VERSION = 5.0;
				TARGETED_DEVICE_FAMILY = "1,2";
			};
			name = Debug;
		};
		72C57951295718D7009B24E1 /* Release */ = {
			isa = XCBuildConfiguration;
			buildSettings = {
				ASSETCATALOG_COMPILER_APPICON_NAME = AppIcon;
				ASSETCATALOG_COMPILER_GLOBAL_ACCENT_COLOR_NAME = AccentColor;
				CODE_SIGN_STYLE = Automatic;
				CURRENT_PROJECT_VERSION = 1;
				DEVELOPMENT_ASSET_PATHS = "\"WineKart/Preview Content\"";
				ENABLE_PREVIEWS = YES;
				GENERATE_INFOPLIST_FILE = YES;
				INFOPLIST_KEY_UIApplicationSceneManifest_Generation = YES;
				INFOPLIST_KEY_UIApplicationSupportsIndirectInputEvents = YES;
				INFOPLIST_KEY_UILaunchScreen_Generation = YES;
				INFOPLIST_KEY_UISupportedInterfaceOrientations_iPad = "UIInterfaceOrientationPortrait UIInterfaceOrientationPortraitUpsideDown UIInterfaceOrientationLandscapeLeft UIInterfaceOrientationLandscapeRight";
				INFOPLIST_KEY_UISupportedInterfaceOrientations_iPhone = "UIInterfaceOrientationPortrait UIInterfaceOrientationLandscapeLeft UIInterfaceOrientationLandscapeRight";
				LD_RUNPATH_SEARCH_PATHS = (
					"$(inherited)",
					"@executable_path/Frameworks",
				);
				MARKETING_VERSION = 1.0;
				PRODUCT_BUNDLE_IDENTIFIER = Dexter.Nihilent.WineKart;
				PRODUCT_NAME = "$(TARGET_NAME)";
				SWIFT_EMIT_LOC_STRINGS = YES;
				SWIFT_VERSION = 5.0;
				TARGETED_DEVICE_FAMILY = "1,2";
			};
			name = Release;
		};
		72C57953295718D7009B24E1 /* Debug */ = {
			isa = XCBuildConfiguration;
			buildSettings = {
				ALWAYS_EMBED_SWIFT_STANDARD_LIBRARIES = YES;
				BUNDLE_LOADER = "$(TEST_HOST)";
				CODE_SIGN_STYLE = Automatic;
				CURRENT_PROJECT_VERSION = 1;
				GENERATE_INFOPLIST_FILE = YES;
				IPHONEOS_DEPLOYMENT_TARGET = 15.5;
				MARKETING_VERSION = 1.0;
				PRODUCT_BUNDLE_IDENTIFIER = Dexter.Nihilent.WineKartTests;
				PRODUCT_NAME = "$(TARGET_NAME)";
				SWIFT_EMIT_LOC_STRINGS = NO;
				SWIFT_VERSION = 5.0;
				TARGETED_DEVICE_FAMILY = "1,2";
				TEST_HOST = "$(BUILT_PRODUCTS_DIR)/WineKart.app/WineKart";
			};
			name = Debug;
		};
		72C57954295718D7009B24E1 /* Release */ = {
			isa = XCBuildConfiguration;
			buildSettings = {
				ALWAYS_EMBED_SWIFT_STANDARD_LIBRARIES = YES;
				BUNDLE_LOADER = "$(TEST_HOST)";
				CODE_SIGN_STYLE = Automatic;
				CURRENT_PROJECT_VERSION = 1;
				GENERATE_INFOPLIST_FILE = YES;
				IPHONEOS_DEPLOYMENT_TARGET = 15.5;
				MARKETING_VERSION = 1.0;
				PRODUCT_BUNDLE_IDENTIFIER = Dexter.Nihilent.WineKartTests;
				PRODUCT_NAME = "$(TARGET_NAME)";
				SWIFT_EMIT_LOC_STRINGS = NO;
				SWIFT_VERSION = 5.0;
				TARGETED_DEVICE_FAMILY = "1,2";
				TEST_HOST = "$(BUILT_PRODUCTS_DIR)/WineKart.app/WineKart";
			};
			name = Release;
		};
		72C57956295718D7009B24E1 /* Debug */ = {
			isa = XCBuildConfiguration;
			buildSettings = {
				ALWAYS_EMBED_SWIFT_STANDARD_LIBRARIES = YES;
				CODE_SIGN_STYLE = Automatic;
				CURRENT_PROJECT_VERSION = 1;
				GENERATE_INFOPLIST_FILE = YES;
				MARKETING_VERSION = 1.0;
				PRODUCT_BUNDLE_IDENTIFIER = Dexter.Nihilent.WineKartUITests;
				PRODUCT_NAME = "$(TARGET_NAME)";
				SWIFT_EMIT_LOC_STRINGS = NO;
				SWIFT_VERSION = 5.0;
				TARGETED_DEVICE_FAMILY = "1,2";
				TEST_TARGET_NAME = WineKart;
			};
			name = Debug;
		};
		72C57957295718D7009B24E1 /* Release */ = {
			isa = XCBuildConfiguration;
			buildSettings = {
				ALWAYS_EMBED_SWIFT_STANDARD_LIBRARIES = YES;
				CODE_SIGN_STYLE = Automatic;
				CURRENT_PROJECT_VERSION = 1;
				GENERATE_INFOPLIST_FILE = YES;
				MARKETING_VERSION = 1.0;
				PRODUCT_BUNDLE_IDENTIFIER = Dexter.Nihilent.WineKartUITests;
				PRODUCT_NAME = "$(TARGET_NAME)";
				SWIFT_EMIT_LOC_STRINGS = NO;
				SWIFT_VERSION = 5.0;
				TARGETED_DEVICE_FAMILY = "1,2";
				TEST_TARGET_NAME = WineKart;
			};
			name = Release;
		};
/* End XCBuildConfiguration section */

/* Begin XCConfigurationList section */
		72C57926295718D5009B24E1 /* Build configuration list for PBXProject "WineKart" */ = {
			isa = XCConfigurationList;
			buildConfigurations = (
				72C5794D295718D7009B24E1 /* Debug */,
				72C5794E295718D7009B24E1 /* Release */,
			);
			defaultConfigurationIsVisible = 0;
			defaultConfigurationName = Release;
		};
		72C5794F295718D7009B24E1 /* Build configuration list for PBXNativeTarget "WineKart" */ = {
			isa = XCConfigurationList;
			buildConfigurations = (
				72C57950295718D7009B24E1 /* Debug */,
				72C57951295718D7009B24E1 /* Release */,
			);
			defaultConfigurationIsVisible = 0;
			defaultConfigurationName = Release;
		};
		72C57952295718D7009B24E1 /* Build configuration list for PBXNativeTarget "WineKartTests" */ = {
			isa = XCConfigurationList;
			buildConfigurations = (
				72C57953295718D7009B24E1 /* Debug */,
				72C57954295718D7009B24E1 /* Release */,
			);
			defaultConfigurationIsVisible = 0;
			defaultConfigurationName = Release;
		};
		72C57955295718D7009B24E1 /* Build configuration list for PBXNativeTarget "WineKartUITests" */ = {
			isa = XCConfigurationList;
			buildConfigurations = (
				72C57956295718D7009B24E1 /* Debug */,
				72C57957295718D7009B24E1 /* Release */,
			);
			defaultConfigurationIsVisible = 0;
			defaultConfigurationName = Release;
		};
/* End XCConfigurationList section */
	};
	rootObject = 72C57923295718D5009B24E1 /* Project object */;
}
